
Microsoft Visual Studio Solution File, Format Version 12.00
# Visual Studio Version 17
VisualStudioVersion = 17.12.35527.113 d17.12
MinimumVisualStudioVersion = 10.0.40219.1
Project("{FAE04EC0-301F-11D3-BF4B-00C04F79EFBC}") = "UnoApp8", "UnoApp8\UnoApp8.csproj", "{A15F143D-A611-4745-A1A8-DC31D803E95C}"
EndProject
Project("{2150E333-8FDC-42A3-9474-1A3956D46DE8}") = "Solution Items", "Solution Items", "{EB344736-08B1-41A8-AEAC-B98422BA45D8}"
	ProjectSection(SolutionItems) = preProject
		.gitignore = .gitignore
		Directory.Build.props = Directory.Build.props
		Directory.Build.targets = Directory.Build.targets
		Directory.Packages.props = Directory.Packages.props
		global.json = global.json
	EndProjectSection
EndProject
Global
	GlobalSection(SolutionConfigurationPlatforms) = preSolution
		Debug|Any CPU = Debug|Any CPU
		Release|Any CPU = Release|Any CPU
	EndGlobalSection
	GlobalSection(ProjectConfigurationPlatforms) = postSolution
		{A15F143D-A611-4745-A1A8-DC31D803E95C}.Debug|Any CPU.ActiveCfg = Debug|Any CPU
		{A15F143D-A611-4745-A1A8-DC31D803E95C}.Debug|Any CPU.Build.0 = Debug|Any CPU
		{A15F143D-A611-4745-A1A8-DC31D803E95C}.Debug|Any CPU.Deploy.0 = Debug|Any CPU
		{A15F143D-A611-4745-A1A8-DC31D803E95C}.Release|Any CPU.ActiveCfg = Release|Any CPU
		{A15F143D-A611-4745-A1A8-DC31D803E95C}.Release|Any CPU.Build.0 = Release|Any CPU
		{A15F143D-A611-4745-A1A8-DC31D803E95C}.Release|Any CPU.Deploy.0 = Release|Any CPU
	EndGlobalSection
	GlobalSection(SolutionProperties) = preSolution
		HideSolutionNode = FALSE
	EndGlobalSection
EndGlobal
